
Microsoft Visual Studio Solution File, Format Version 12.00
Project("{FAE04EC0-301F-11D3-BF4B-00C04F79EFBC}") = "PopupLib", "PopupLib\PopupLib.csproj", "{822C245B-56E0-4EF6-A3AB-9B756557715D}"
EndProject
Project("{FAE04EC0-301F-11D3-BF4B-00C04F79EFBC}") = "PopupTest", "PopupTest\PopupTest.csproj", "{B6659EB0-87B7-4CE2-8949-CA65E72816BA}"
EndProject
Global
	GlobalSection(SolutionConfigurationPlatforms) = preSolution
		Debug|Any CPU = Debug|Any CPU
		Release|Any CPU = Release|Any CPU
	EndGlobalSection
	GlobalSection(ProjectConfigurationPlatforms) = postSolution
		{822C245B-56E0-4EF6-A3AB-9B756557715D}.Debug|Any CPU.ActiveCfg = Debug|Any CPU
		{822C245B-56E0-4EF6-A3AB-9B756557715D}.Debug|Any CPU.Build.0 = Debug|Any CPU
		{822C245B-56E0-4EF6-A3AB-9B756557715D}.Release|Any CPU.ActiveCfg = Release|Any CPU
		{822C245B-56E0-4EF6-A3AB-9B756557715D}.Release|Any CPU.Build.0 = Release|Any CPU
		{B6659EB0-87B7-4CE2-8949-CA65E72816BA}.Debug|Any CPU.ActiveCfg = Debug|Any CPU
		{B6659EB0-87B7-4CE2-8949-CA65E72816BA}.Debug|Any CPU.Build.0 = Debug|Any CPU
		{B6659EB0-87B7-4CE2-8949-CA65E72816BA}.Release|Any CPU.ActiveCfg = Release|Any CPU
		{B6659EB0-87B7-4CE2-8949-CA65E72816BA}.Release|Any CPU.Build.0 = Release|Any CPU
	EndGlobalSection
EndGlobal
